// !$*UTF8*$!
{
	archiveVersion = 1;
	classes = {
	};
	objectVersion = 50;
	objects = {

/* Begin PBXBuildFile section */
		CA4EAAC723ADC84A0085D985 /* AppDelegate.swift in Sources */ = {isa = PBXBuildFile; fileRef = CA4EAAC623ADC84A0085D985 /* AppDelegate.swift */; };
		CA4EAAC923ADC84A0085D985 /* SceneDelegate.swift in Sources */ = {isa = PBXBuildFile; fileRef = CA4EAAC823ADC84A0085D985 /* SceneDelegate.swift */; };
		CA4EAACB23ADC84A0085D985 /* ViewController.swift in Sources */ = {isa = PBXBuildFile; fileRef = CA4EAACA23ADC84A0085D985 /* ViewController.swift */; };
		CA4EAACE23ADC84A0085D985 /* Main.storyboard in Resources */ = {isa = PBXBuildFile; fileRef = CA4EAACC23ADC84A0085D985 /* Main.storyboard */; };
		CA4EAAD023ADC84C0085D985 /* Assets.xcassets in Resources */ = {isa = PBXBuildFile; fileRef = CA4EAACF23ADC84C0085D985 /* Assets.xcassets */; };
		CA4EAAD323ADC84C0085D985 /* LaunchScreen.storyboard in Resources */ = {isa = PBXBuildFile; fileRef = CA4EAAD123ADC84C0085D985 /* LaunchScreen.storyboard */; };
		CAF5505223AF0525003C4405 /* AboutViewController.swift in Sources */ = {isa = PBXBuildFile; fileRef = CAF5505123AF0525003C4405 /* AboutViewController.swift */; };
		CAF5505423AF0D57003C4405 /* MoreViewController.swift in Sources */ = {isa = PBXBuildFile; fileRef = CAF5505323AF0D57003C4405 /* MoreViewController.swift */; };
/* End PBXBuildFile section */

/* Begin PBXFileReference section */
		CA4EAAC323ADC84A0085D985 /* BullsEyeGame.app */ = {isa = PBXFileReference; explicitFileType = wrapper.application; includeInIndex = 0; path = BullsEyeGame.app; sourceTree = BUILT_PRODUCTS_DIR; };
		CA4EAAC623ADC84A0085D985 /* AppDelegate.swift */ = {isa = PBXFileReference; lastKnownFileType = sourcecode.swift; path = AppDelegate.swift; sourceTree = "<group>"; };
		CA4EAAC823ADC84A0085D985 /* SceneDelegate.swift */ = {isa = PBXFileReference; lastKnownFileType = sourcecode.swift; path = SceneDelegate.swift; sourceTree = "<group>"; };
		CA4EAACA23ADC84A0085D985 /* ViewController.swift */ = {isa = PBXFileReference; lastKnownFileType = sourcecode.swift; path = ViewController.swift; sourceTree = "<group>"; };
		CA4EAACD23ADC84A0085D985 /* Base */ = {isa = PBXFileReference; lastKnownFileType = file.storyboard; name = Base; path = Base.lproj/Main.storyboard; sourceTree = "<group>"; };
		CA4EAACF23ADC84C0085D985 /* Assets.xcassets */ = {isa = PBXFileReference; lastKnownFileType = folder.assetcatalog; path = Assets.xcassets; sourceTree = "<group>"; };
		CA4EAAD223ADC84C0085D985 /* Base */ = {isa = PBXFileReference; lastKnownFileType = file.storyboard; name = Base; path = Base.lproj/LaunchScreen.storyboard; sourceTree = "<group>"; };
		CA4EAAD423ADC84C0085D985 /* Info.plist */ = {isa = PBXFileReference; lastKnownFileType = text.plist.xml; path = Info.plist; sourceTree = "<group>"; };
		CAF5505123AF0525003C4405 /* AboutViewController.swift */ = {isa = PBXFileReference; lastKnownFileType = sourcecode.swift; path = AboutViewController.swift; sourceTree = "<group>"; };
		CAF5505323AF0D57003C4405 /* MoreViewController.swift */ = {isa = PBXFileReference; lastKnownFileType = sourcecode.swift; path = MoreViewController.swift; sourceTree = "<group>"; };
/* End PBXFileReference section */

/* Begin PBXFrameworksBuildPhase section */
		CA4EAAC023ADC84A0085D985 /* Frameworks */ = {
			isa = PBXFrameworksBuildPhase;
			buildActionMask = 2147483647;
			files = (
			);
			runOnlyForDeploymentPostprocessing = 0;
		};
/* End PBXFrameworksBuildPhase section */

/* Begin PBXGroup section */
		CA4EAABA23ADC84A0085D985 = {
			isa = PBXGroup;
			children = (
				CA4EAAC523ADC84A0085D985 /* BullsEyeGame */,
				CA4EAAC423ADC84A0085D985 /* Products */,
			);
			sourceTree = "<group>";
		};
		CA4EAAC423ADC84A0085D985 /* Products */ = {
			isa = PBXGroup;
			children = (
				CA4EAAC323ADC84A0085D985 /* BullsEyeGame.app */,
			);
			name = Products;
			sourceTree = "<group>";
		};
		CA4EAAC523ADC84A0085D985 /* BullsEyeGame */ = {
			isa = PBXGroup;
			children = (
				CA4EAAC623ADC84A0085D985 /* AppDelegate.swift */,
				CA4EAAC823ADC84A0085D985 /* SceneDelegate.swift */,
				CA4EAACA23ADC84A0085D985 /* ViewController.swift */,
				CA4EAACC23ADC84A0085D985 /* Main.storyboard */,
				CAF5505323AF0D57003C4405 /* MoreViewController.swift */,
				CAF5505123AF0525003C4405 /* AboutViewController.swift */,
				CA4EAACF23ADC84C0085D985 /* Assets.xcassets */,
				CA4EAAD123ADC84C0085D985 /* LaunchScreen.storyboard */,
				CA4EAAD423ADC84C0085D985 /* Info.plist */,
			);
			path = BullsEyeGame;
			sourceTree = "<group>";
		};
/* End PBXGroup section */

/* Begin PBXNativeTarget section */
		CA4EAAC223ADC84A0085D985 /* BullsEyeGame */ = {
			isa = PBXNativeTarget;
			buildConfigurationList = CA4EAAD723ADC84C0085D985 /* Build configuration list for PBXNativeTarget "BullsEyeGame" */;
			buildPhases = (
				CA4EAABF23ADC84A0085D985 /* Sources */,
				CA4EAAC023ADC84A0085D985 /* Frameworks */,
				CA4EAAC123ADC84A0085D985 /* Resources */,
			);
			buildRules = (
			);
			dependencies = (
			);
			name = BullsEyeGame;
			productName = BullsEyeGame;
			productReference = CA4EAAC323ADC84A0085D985 /* BullsEyeGame.app */;
			productType = "com.apple.product-type.application";
		};
/* End PBXNativeTarget section */

/* Begin PBXProject section */
		CA4EAABB23ADC84A0085D985 /* Project object */ = {
			isa = PBXProject;
			attributes = {
				LastSwiftUpdateCheck = 1100;
				LastUpgradeCheck = 1100;
				ORGANIZATIONNAME = "Halie Chmura";
				TargetAttributes = {
					CA4EAAC223ADC84A0085D985 = {
						CreatedOnToolsVersion = 11.0;
					};
				};
			};
			buildConfigurationList = CA4EAABE23ADC84A0085D985 /* Build configuration list for PBXProject "BullsEyeGame" */;
			compatibilityVersion = "Xcode 9.3";
			developmentRegion = en;
			hasScannedForEncodings = 0;
			knownRegions = (
				en,
				Base,
			);
			mainGroup = CA4EAABA23ADC84A0085D985;
			productRefGroup = CA4EAAC423ADC84A0085D985 /* Products */;
			projectDirPath = "";
			projectRoot = "";
			targets = (
				CA4EAAC223ADC84A0085D985 /* BullsEyeGame */,
			);
		};
/* End PBXProject section */

/* Begin PBXResourcesBuildPhase section */
		CA4EAAC123ADC84A0085D985 /* Resources */ = {
			isa = PBXResourcesBuildPhase;
			buildActionMask = 2147483647;
			files = (
				CA4EAAD323ADC84C0085D985 /* LaunchScreen.storyboard in Resources */,
				CA4EAAD023ADC84C0085D985 /* Assets.xcassets in Resources */,
				CA4EAACE23ADC84A0085D985 /* Main.storyboard in Resources */,
			);
			runOnlyForDeploymentPostprocessing = 0;
		};
/* End PBXResourcesBuildPhase section */

/* Begin PBXSourcesBuildPhase section */
		CA4EAABF23ADC84A0085D985 /* Sources */ = {
			isa = PBXSourcesBuildPhase;
			buildActionMask = 2147483647;
			files = (
				CAF5505423AF0D57003C4405 /* MoreViewController.swift in Sources */,
				CA4EAACB23ADC84A0085D985 /* ViewController.swift in Sources */,
				CA4EAAC723ADC84A0085D985 /* AppDelegate.swift in Sources */,
				CAF5505223AF0525003C4405 /* AboutViewController.swift in Sources */,
				CA4EAAC923ADC84A0085D985 /* SceneDelegate.swift in Sources */,
			);
			runOnlyForDeploymentPostprocessing = 0;
		};
/* End PBXSourcesBuildPhase section */

/* Begin PBXVariantGroup section */
		CA4EAACC23ADC84A0085D985 /* Main.storyboard */ = {
			isa = PBXVariantGroup;
			children = (
				CA4EAACD23ADC84A0085D985 /* Base */,
			);
			name = Main.storyboard;
			sourceTree = "<group>";
		};
		CA4EAAD123ADC84C0085D985 /* LaunchScreen.storyboard */ = {
			isa = PBXVariantGroup;
			children = (
				CA4EAAD223ADC84C0085D985 /* Base */,
			);
			name = LaunchScreen.storyboard;
			sourceTree = "<group>";
		};
/* End PBXVariantGroup section */

/* Begin XCBuildConfiguration section */
		CA4EAAD523ADC84C0085D985 /* Debug */ = {
			isa = XCBuildConfiguration;
			buildSettings = {
				ALWAYS_SEARCH_USER_PATHS = NO;
				CLANG_ANALYZER_NONNULL = YES;
				CLANG_ANALYZER_NUMBER_OBJECT_CONVERSION = YES_AGGRESSIVE;
				CLANG_CXX_LANGUAGE_STANDARD = "gnu++14";
				CLANG_CXX_LIBRARY = "libc++";
				CLANG_ENABLE_MODULES = YES;
				CLANG_ENABLE_OBJC_ARC = YES;
				CLANG_ENABLE_OBJC_WEAK = YES;
				CLANG_WARN_BLOCK_CAPTURE_AUTORELEASING = YES;
				CLANG_WARN_BOOL_CONVERSION = YES;
				CLANG_WARN_COMMA = YES;
				CLANG_WARN_CONSTANT_CONVERSION = YES;
				CLANG_WARN_DEPRECATED_OBJC_IMPLEMENTATIONS = YES;
				CLANG_WARN_DIRECT_OBJC_ISA_USAGE = YES_ERROR;
				CLANG_WARN_DOCUMENTATION_COMMENTS = YES;
				CLANG_WARN_EMPTY_BODY = YES;
				CLANG_WARN_ENUM_CONVERSION = YES;
				CLANG_WARN_INFINITE_RECURSION = YES;
				CLANG_WARN_INT_CONVERSION = YES;
				CLANG_WARN_NON_LITERAL_NULL_CONVERSION = YES;
				CLANG_WARN_OBJC_IMPLICIT_RETAIN_SELF = YES;
				CLANG_WARN_OBJC_LITERAL_CONVERSION = YES;
				CLANG_WARN_OBJC_ROOT_CLASS = YES_ERROR;
				CLANG_WARN_RANGE_LOOP_ANALYSIS = YES;
				CLANG_WARN_STRICT_PROTOTYPES = YES;
				CLANG_WARN_SUSPICIOUS_MOVE = YES;
				CLANG_WARN_UNGUARDED_AVAILABILITY = YES_AGGRESSIVE;
				CLANG_WARN_UNREACHABLE_CODE = YES;
				CLANG_WARN__DUPLICATE_METHOD_MATCH = YES;
				COPY_PHASE_STRIP = NO;
				DEBUG_INFORMATION_FORMAT = dwarf;
				ENABLE_STRICT_OBJC_MSGSEND = YES;
				ENABLE_TESTABILITY = YES;
				GCC_C_LANGUAGE_STANDARD = gnu11;
				GCC_DYNAMIC_NO_PIC = NO;
				GCC_NO_COMMON_BLOCKS = YES;
				GCC_OPTIMIZATION_LEVEL = 0;
				GCC_PREPROCESSOR_DEFINITIONS = (
					"DEBUG=1",
					"$(inherited)",
				);
				GCC_WARN_64_TO_32_BIT_CONVERSION = YES;
				GCC_WARN_ABOUT_RETURN_TYPE = YES_ERROR;
				GCC_WARN_UNDECLARED_SELECTOR = YES;
				GCC_WARN_UNINITIALIZED_AUTOS = YES_AGGRESSIVE;
				GCC_WARN_UNUSED_FUNCTION = YES;
				GCC_WARN_UNUSED_VARIABLE = YES;
				IPHONEOS_DEPLOYMENT_TARGET = 13.0;
				MTL_ENABLE_DEBUG_INFO = INCLUDE_SOURCE;
				MTL_FAST_MATH = YES;
				ONLY_ACTIVE_ARCH = YES;
				SDKROOT = iphoneos;
				SWIFT_ACTIVE_COMPILATION_CONDITIONS = DEBUG;
				SWIFT_OPTIMIZATION_LEVEL = "-Onone";
			};
			name = Debug;
		};
		CA4EAAD623ADC84C0085D985 /* Release */ = {
			isa = XCBuildConfiguration;
			buildSettings = {
				ALWAYS_SEARCH_USER_PATHS = NO;
				CLANG_ANALYZER_NONNULL = YES;
				CLANG_ANALYZER_NUMBER_OBJECT_CONVERSION = YES_AGGRESSIVE;
				CLANG_CXX_LANGUAGE_STANDARD = "gnu++14";
				CLANG_CXX_LIBRARY = "libc++";
				CLANG_ENABLE_MODULES = YES;
				CLANG_ENABLE_OBJC_ARC = YES;
				CLANG_ENABLE_OBJC_WEAK = YES;
				CLANG_WARN_BLOCK_CAPTURE_AUTORELEASING = YES;
				CLANG_WARN_BOOL_CONVERSION = YES;
				CLANG_WARN_COMMA = YES;
				CLANG_WARN_CONSTANT_CONVERSION = YES;
				CLANG_WARN_DEPRECATED_OBJC_IMPLEMENTATIONS = YES;
				CLANG_WARN_DIRECT_OBJC_ISA_USAGE = YES_ERROR;
				CLANG_WARN_DOCUMENTATION_COMMENTS = YES;
				CLANG_WARN_EMPTY_BODY = YES;
				CLANG_WARN_ENUM_CONVERSION = YES;
				CLANG_WARN_INFINITE_RECURSION = YES;
				CLANG_WARN_INT_CONVERSION = YES;
				CLANG_WARN_NON_LITERAL_NULL_CONVERSION = YES;
				CLANG_WARN_OBJC_IMPLICIT_RETAIN_SELF = YES;
				CLANG_WARN_OBJC_LITERAL_CONVERSION = YES;
				CLANG_WARN_OBJC_ROOT_CLASS = YES_ERROR;
				CLANG_WARN_RANGE_LOOP_ANALYSIS = YES;
				CLANG_WARN_STRICT_PROTOTYPES = YES;
				CLANG_WARN_SUSPICIOUS_MOVE = YES;
				CLANG_WARN_UNGUARDED_AVAILABILITY = YES_AGGRESSIVE;
				CLANG_WARN_UNREACHABLE_CODE = YES;
				CLANG_WARN__DUPLICATE_METHOD_MATCH = YES;
				COPY_PHASE_STRIP = NO;
				DEBUG_INFORMATION_FORMAT = "dwarf-with-dsym";
				ENABLE_NS_ASSERTIONS = NO;
				ENABLE_STRICT_OBJC_MSGSEND = YES;
				GCC_C_LANGUAGE_STANDARD = gnu11;
				GCC_NO_COMMON_BLOCKS = YES;
				GCC_WARN_64_TO_32_BIT_CONVERSION = YES;
				GCC_WARN_ABOUT_RETURN_TYPE = YES_ERROR;
				GCC_WARN_UNDECLARED_SELECTOR = YES;
				GCC_WARN_UNINITIALIZED_AUTOS = YES_AGGRESSIVE;
				GCC_WARN_UNUSED_FUNCTION = YES;
				GCC_WARN_UNUSED_VARIABLE = YES;
				IPHONEOS_DEPLOYMENT_TARGET = 13.0;
				MTL_ENABLE_DEBUG_INFO = NO;
				MTL_FAST_MATH = YES;
				SDKROOT = iphoneos;
				SWIFT_COMPILATION_MODE = wholemodule;
				SWIFT_OPTIMIZATION_LEVEL = "-O";
				VALIDATE_PRODUCT = YES;
			};
			name = Release;
		};
		CA4EAAD823ADC84C0085D985 /* Debug */ = {
			isa = XCBuildConfiguration;
			buildSettings = {
				ASSETCATALOG_COMPILER_APPICON_NAME = AppIcon;
				CODE_SIGN_STYLE = Automatic;
				DEVELOPMENT_TEAM = DPK4Q2K26D;
				INFOPLIST_FILE = BullsEyeGame/Info.plist;
				IPHONEOS_DEPLOYMENT_TARGET = 12.1;
				LD_RUNPATH_SEARCH_PATHS = (
					"$(inherited)",
					"@executable_path/Frameworks",
				);
				PRODUCT_BUNDLE_IDENTIFIER = com.HalieChmura.BullsEyeGame;
				PRODUCT_NAME = "$(TARGET_NAME)";
				SWIFT_VERSION = 5.0;
				TARGETED_DEVICE_FAMILY = 1;
			};
			name = Debug;
		};
		CA4EAAD923ADC84C0085D985 /* Release */ = {
			isa = XCBuildConfiguration;
			buildSettings = {
				ASSETCATALOG_COMPILER_APPICON_NAME = AppIcon;
				CODE_SIGN_STYLE = Automatic;
				DEVELOPMENT_TEAM = DPK4Q2K26D;
				INFOPLIST_FILE = BullsEyeGame/Info.plist;
				IPHONEOS_DEPLOYMENT_TARGET = 12.1;
				LD_RUNPATH_SEARCH_PATHS = (
					"$(inherited)",
					"@executable_path/Frameworks",
				);
				PRODUCT_BUNDLE_IDENTIFIER = com.HalieChmura.BullsEyeGame;
				PRODUCT_NAME = "$(TARGET_NAME)";
				SWIFT_VERSION = 5.0;
				TARGETED_DEVICE_FAMILY = 1;
			};
			name = Release;
		};
/* End XCBuildConfiguration section */

/* Begin XCConfigurationList section */
		CA4EAABE23ADC84A0085D985 /* Build configuration list for PBXProject "BullsEyeGame" */ = {
			isa = XCConfigurationList;
			buildConfigurations = (
				CA4EAAD523ADC84C0085D985 /* Debug */,
				CA4EAAD623ADC84C0085D985 /* Release */,
			);
			defaultConfigurationIsVisible = 0;
			defaultConfigurationName = Release;
		};
		CA4EAAD723ADC84C0085D985 /* Build configuration list for PBXNativeTarget "BullsEyeGame" */ = {
			isa = XCConfigurationList;
			buildConfigurations = (
				CA4EAAD823ADC84C0085D985 /* Debug */,
				CA4EAAD923ADC84C0085D985 /* Release */,
			);
			defaultConfigurationIsVisible = 0;
			defaultConfigurationName = Release;
		};
/* End XCConfigurationList section */
	};
	rootObject = CA4EAABB23ADC84A0085D985 /* Project object */;
}
